
Microsoft Visual Studio Solution File, Format Version 12.00
# Visual Studio 14
VisualStudioVersion = 14.0.25420.1
MinimumVisualStudioVersion = 10.0.40219.1
Project("{2150E333-8FDC-42A3-9474-1A3956D46DE8}") = "src", "src", "{00AEED37-23E2-4CE8-9B8F-2E76BCD37A9C}"
EndProject
Project("{2150E333-8FDC-42A3-9474-1A3956D46DE8}") = "Solution Items", "Solution Items", "{0D19F587-8986-43FB-941E-CC44721BC7B8}"
	ProjectSection(SolutionItems) = preProject
		global.json = global.json
	EndProjectSection
EndProject
Project("{8BB2217D-0F2D-49D1-97BC-3654ED321F3B}") = "HelloWorldWebApp", "src\HelloWorldWebApp\HelloWorldWebApp.xproj", "{AA28230E-E8E8-44CB-8689-063FD98F37D5}"
EndProject
Global
	GlobalSection(SolutionConfigurationPlatforms) = preSolution
		Debug|Any CPU = Debug|Any CPU
		Release|Any CPU = Release|Any CPU
	EndGlobalSection
	GlobalSection(ProjectConfigurationPlatforms) = postSolution
		{AA28230E-E8E8-44CB-8689-063FD98F37D5}.Debug|Any CPU.ActiveCfg = Debug|Any CPU
		{AA28230E-E8E8-44CB-8689-063FD98F37D5}.Debug|Any CPU.Build.0 = Debug|Any CPU
		{AA28230E-E8E8-44CB-8689-063FD98F37D5}.Release|Any CPU.ActiveCfg = Release|Any CPU
		{AA28230E-E8E8-44CB-8689-063FD98F37D5}.Release|Any CPU.Build.0 = Release|Any CPU
	EndGlobalSection
	GlobalSection(SolutionProperties) = preSolution
		HideSolutionNode = FALSE
	EndGlobalSection
	GlobalSection(NestedProjects) = preSolution
		{AA28230E-E8E8-44CB-8689-063FD98F37D5} = {00AEED37-23E2-4CE8-9B8F-2E76BCD37A9C}
	EndGlobalSection
EndGlobal
